lockfileVersion: '9.0'

settings:
  autoInstallPeers: true
  excludeLinksFromLockfile: false

importers:

  .:
    dependencies:
      cross-env:
        specifier: ^7.0.3
        version: 7.0.3
      dotenv-extended:
        specifier: ^2.9.0
        version: 2.9.0
      zod:
        specifier: ^3.24.2
        version: 3.24.2
    devDependencies:
      '@types/node':
        specifier: ^22.13.4
        version: 22.13.4

packages:

  '@types/node@22.13.4':
    resolution: {integrity: sha512-ywP2X0DYtX3y08eFVx5fNIw7/uIv8hYUKgXoK8oayJlLnKcRfEYCxWMVE1XagUdVtCJlZT1AU4LXEABW+L1Peg==}

  auto-parse@1.8.0:
    resolution: {integrity: sha512-Uri4uC+K5cSi5hjM4snFrqPrjqUpwxeSW5EMTPvN7Ju3PlDzmXXDr5tjdzxPvvwgT3J7bmMDJ3Rm625nbrc72A==}

  camelcase@5.3.1:
    resolution: {integrity: sha512-L28STB170nwWS63UjtlEOE3dldQApaJXZkOI1uMFfzf3rRuPegHaHesyee+YxQ+W6SvRDQV6UrdOdRiR153wJg==}
    engines: {node: '>=6'}

  cross-env@7.0.3:
    resolution: {integrity: sha512-+/HKd6EgcQCJGh2PSjZuUitQBQynKor4wrFbRg4DtAgS1aWO+gU52xpH7M9ScGgXSYmAVS9bIJ8EzuaGw0oNAw==}
    engines: {node: '>=10.14', npm: '>=6', yarn: '>=1'}
    hasBin: true

  cross-spawn@7.0.6:
    resolution: {integrity: sha512-uV2QOWP2nWzsy2aMp8aRibhi9dlzF5Hgh5SHaB9OiTGEyDTiJJyx0uy51QXdyWbtAHNua4XJzUKca3OzKUd3vA==}
    engines: {node: '>= 8'}

  dotenv-extended@2.9.0:
    resolution: {integrity: sha512-MKc4WCqZj6Abx4rpDbQ9LsuBJldRLxLgFkY5qE+4JM7hXVYT/v8zyWGgnBeDjSOGzEecWOFPlosNpxfB9YnsCw==}
    engines: {node: '>=6'}
    hasBin: true

  dotenv@8.6.0:
    resolution: {integrity: sha512-IrPdXQsk2BbzvCBGBOTmmSH5SodmqZNt4ERAZDmW4CT+tL8VtvinqywuANaFu4bOMWki16nqf0e4oC0QIaDr/g==}
    engines: {node: '>=10'}

  function.name@1.0.14:
    resolution: {integrity: sha512-s99L814NRuLxwF2sJMIcLhkQhueGXb3oKyvorzrUKKwlVB0SBbWrgZt4+EwKAo3ujCXnT7vshmCvXgZA09kCMw==}

  isexe@2.0.0:
    resolution: {integrity: sha512-RHxMLp9lnKHGHRng9QFhRCMbYAcVpn69smSGcq3f36xjgVVWThj4qqLbTLlq7Ssj8B+fIQ1EuCEGI2lKsyQeIw==}

  noop6@1.0.10:
    resolution: {integrity: sha512-WZvuCILZFZHK+WuqCQwxLBGllkBK1ct8s8Mu9FMDbEsBE6/bqNxyFGbX7Xky+6bYFL8X2Ou4Cis4CJyrwXLvQA==}

  path-key@3.1.1:
    resolution: {integrity: sha512-ojmeN0qd+y0jszEtoY48r0Peq5dwMEkIlCOu6Q5f41lfkswXuKtYrhgoTpLnyIcHm24Uhqx+5Tqm2InSwLhE6Q==}
    engines: {node: '>=8'}

  shebang-command@2.0.0:
    resolution: {integrity: sha512-kHxr2zZpYtdmrN1qDjrrX/Z1rR1kG8Dx+gkpK1G4eXmvXswmcE1hTWBWYUzlraYw1/yZp6YuDY77YtvbN0dmDA==}
    engines: {node: '>=8'}

  shebang-regex@3.0.0:
    resolution: {integrity: sha512-7++dFhtcx3353uBaq8DDR4NuxBetBzC7ZQOhmTQInHEd6bSrXdiEyzCvG07Z44UYdLShWUyXt5M/yhz8ekcb1A==}
    engines: {node: '>=8'}

  typpy@2.3.11:
    resolution: {integrity: sha512-Jh/fykZSaxeKO0ceMAs6agki9T5TNA9kiIR6fzKbvafKpIw8UlNlHhzuqKyi5lfJJ5VojJOx9tooIbyy7vHV/g==}

  undici-types@6.20.0:
    resolution: {integrity: sha512-Ny6QZ2Nju20vw1SRHe3d9jVu6gJ+4e3+MMpqu7pqE5HT6WsTSlce++GQmK5UXS8mzV8DSYHrQH+Xrf2jVcuKNg==}

  which@2.0.2:
    resolution: {integrity: sha512-BLI3Tl1TW3Pvl70l3yq3Y64i+awpwXqsGBYWkkqMtnbXgrMD+yj7rhW0kuEDxzJaYXGjEW5ogapKNMEKNMjibA==}
    engines: {node: '>= 8'}
    hasBin: true

  zod@3.24.2:
    resolution: {integrity: sha512-lY7CDW43ECgW9u1TcT3IoXHflywfVqDYze4waEz812jR/bZ8FHDsl7pFQoSZTz5N+2NqRXs8GBwnAwo3ZNxqhQ==}

snapshots:

  '@types/node@22.13.4':
    dependencies:
      undici-types: 6.20.0

  auto-parse@1.8.0:
    dependencies:
      typpy: 2.3.11

  camelcase@5.3.1: {}

  cross-env@7.0.3:
    dependencies:
      cross-spawn: 7.0.6

  cross-spawn@7.0.6:
    dependencies:
      path-key: 3.1.1
      shebang-command: 2.0.0
      which: 2.0.2

  dotenv-extended@2.9.0:
    dependencies:
      auto-parse: 1.8.0
      camelcase: 5.3.1
      cross-spawn: 7.0.6
      dotenv: 8.6.0

  dotenv@8.6.0: {}

  function.name@1.0.14:
    dependencies:
      noop6: 1.0.10

  isexe@2.0.0: {}

  noop6@1.0.10: {}

  path-key@3.1.1: {}

  shebang-command@2.0.0:
    dependencies:
      shebang-regex: 3.0.0

  shebang-regex@3.0.0: {}

  typpy@2.3.11:
    dependencies:
      function.name: 1.0.14

  undici-types@6.20.0: {}

  which@2.0.2:
    dependencies:
      isexe: 2.0.0

  zod@3.24.2: {}
